// !$*UTF8*$!
{
	archiveVersion = 1;
	classes = {
	};
	objectVersion = 55;
	objects = {

/* Begin PBXBuildFile section */
		5A2BC6C42982B09F0041950D /* NoteScreenModel.swift in Sources */ = {isa = PBXBuildFile; fileRef = 5A2BC6C32982B09F0041950D /* NoteScreenModel.swift */; };
		5A2BC6C72982B1670041950D /* NoteScreenController.swift in Sources */ = {isa = PBXBuildFile; fileRef = 5A2BC6C62982B1670041950D /* NoteScreenController.swift */; };
		5A2BC6CB2982B20E0041950D /* BasicViewController.swift in Sources */ = {isa = PBXBuildFile; fileRef = 5A2BC6CA2982B20E0041950D /* BasicViewController.swift */; };
		5A2BC6CE2982BA7C0041950D /* NoteScreenView.swift in Sources */ = {isa = PBXBuildFile; fileRef = 5A2BC6CD2982BA7C0041950D /* NoteScreenView.swift */; };
		5A3E01232986E03A00184021 /* Rubik-Italic.ttf in Resources */ = {isa = PBXBuildFile; fileRef = 5A3E01222986E03A00184021 /* Rubik-Italic.ttf */; };
		5A3E01252986E04500184021 /* Rubik-Bold.ttf in Resources */ = {isa = PBXBuildFile; fileRef = 5A3E01242986E04500184021 /* Rubik-Bold.ttf */; };
		5A9FBBAC2987998B004E5010 /* Creatable.swift in Sources */ = {isa = PBXBuildFile; fileRef = 5A9FBBAB2987998B004E5010 /* Creatable.swift */; };
		5A9FBBAF2987B6B5004E5010 /* Database.xcdatamodeld in Sources */ = {isa = PBXBuildFile; fileRef = 5A9FBBAD2987B6B5004E5010 /* Database.xcdatamodeld */; };
		5A9FBBB22987B708004E5010 /* DatabaseCoordinatable.swift in Sources */ = {isa = PBXBuildFile; fileRef = 5A9FBBB12987B708004E5010 /* DatabaseCoordinatable.swift */; };
		5A9FBBB42987B73C004E5010 /* CoreDataCoordinator.swift in Sources */ = {isa = PBXBuildFile; fileRef = 5A9FBBB32987B73C004E5010 /* CoreDataCoordinator.swift */; };
		5A9FBBB62987D11B004E5010 /* Storable.swift in Sources */ = {isa = PBXBuildFile; fileRef = 5A9FBBB52987D11B004E5010 /* Storable.swift */; };
		5AB9D9E12983D64C00DCFAB6 /* NoteModel.swift in Sources */ = {isa = PBXBuildFile; fileRef = 5AB9D9E02983D64C00DCFAB6 /* NoteModel.swift */; };
		5AB9D9E42983F04100DCFAB6 /* VibravionService.swift in Sources */ = {isa = PBXBuildFile; fileRef = 5AB9D9E32983F04100DCFAB6 /* VibravionService.swift */; };
		5AB9D9E6298408A200DCFAB6 /* Selectable.swift in Sources */ = {isa = PBXBuildFile; fileRef = 5AB9D9E5298408A200DCFAB6 /* Selectable.swift */; };
		5ABA5DED29812A8300E24E68 /* AppDelegate.swift in Sources */ = {isa = PBXBuildFile; fileRef = 5ABA5DEC29812A8300E24E68 /* AppDelegate.swift */; };
		5ABA5DEF29812A8300E24E68 /* SceneDelegate.swift in Sources */ = {isa = PBXBuildFile; fileRef = 5ABA5DEE29812A8300E24E68 /* SceneDelegate.swift */; };
		5ABA5DF129812A8300E24E68 /* MainScreenController.swift in Sources */ = {isa = PBXBuildFile; fileRef = 5ABA5DF029812A8300E24E68 /* MainScreenController.swift */; };
		5ABA5DF629812A8800E24E68 /* Assets.xcassets in Resources */ = {isa = PBXBuildFile; fileRef = 5ABA5DF529812A8800E24E68 /* Assets.xcassets */; };
		5ABA5DF929812A8800E24E68 /* LaunchScreen.storyboard in Resources */ = {isa = PBXBuildFile; fileRef = 5ABA5DF729812A8800E24E68 /* LaunchScreen.storyboard */; };
		5ABA5E0529812DFB00E24E68 /* Palette.swift in Sources */ = {isa = PBXBuildFile; fileRef = 5ABA5E0429812DFB00E24E68 /* Palette.swift */; };
		5ABA5E0829812E4D00E24E68 /* Extentions.swift in Sources */ = {isa = PBXBuildFile; fileRef = 5ABA5E0729812E4D00E24E68 /* Extentions.swift */; };
		5ABA5E0F2981346B00E24E68 /* ModelProtocol.swift in Sources */ = {isa = PBXBuildFile; fileRef = 5ABA5E0E2981346B00E24E68 /* ModelProtocol.swift */; };
		5ABA5E112981348F00E24E68 /* MainScreenModel.swift in Sources */ = {isa = PBXBuildFile; fileRef = 5ABA5E102981348F00E24E68 /* MainScreenModel.swift */; };
		5ABA5E132981356800E24E68 /* MainScreenView.swift in Sources */ = {isa = PBXBuildFile; fileRef = 5ABA5E122981356800E24E68 /* MainScreenView.swift */; };
		5ABA5E1629813F6800E24E68 /* Enums.swift in Sources */ = {isa = PBXBuildFile; fileRef = 5ABA5E1529813F6800E24E68 /* Enums.swift */; };
		5ABA5E182981400700E24E68 /* NoteCollectionViewCell.swift in Sources */ = {isa = PBXBuildFile; fileRef = 5ABA5E172981400700E24E68 /* NoteCollectionViewCell.swift */; };
		5ABA5E1D298176BF00E24E68 /* CellModel.swift in Sources */ = {isa = PBXBuildFile; fileRef = 5ABA5E1C298176BF00E24E68 /* CellModel.swift */; };
		5ABA5E1F29824F5B00E24E68 /* FontKit.swift in Sources */ = {isa = PBXBuildFile; fileRef = 5ABA5E1E29824F5B00E24E68 /* FontKit.swift */; };
		5ABA5E2329824FA300E24E68 /* Rubik-Regular.ttf in Resources */ = {isa = PBXBuildFile; fileRef = 5ABA5E2129824FA300E24E68 /* Rubik-Regular.ttf */; };
		5ABA5E2429824FA300E24E68 /* Rubik-Medium.ttf in Resources */ = {isa = PBXBuildFile; fileRef = 5ABA5E2229824FA300E24E68 /* Rubik-Medium.ttf */; };
		5ABA5E2629825FB200E24E68 /* HeaderCollectionView.swift in Sources */ = {isa = PBXBuildFile; fileRef = 5ABA5E2529825FB200E24E68 /* HeaderCollectionView.swift */; };
		5ABA5E2A2982690700E24E68 /* Images.swift in Sources */ = {isa = PBXBuildFile; fileRef = 5ABA5E292982690700E24E68 /* Images.swift */; };
/* End PBXBuildFile section */

/* Begin PBXFileReference section */
		5A2BC6C32982B09F0041950D /* NoteScreenModel.swift */ = {isa = PBXFileReference; lastKnownFileType = sourcecode.swift; path = NoteScreenModel.swift; sourceTree = "<group>"; };
		5A2BC6C62982B1670041950D /* NoteScreenController.swift */ = {isa = PBXFileReference; lastKnownFileType = sourcecode.swift; path = NoteScreenController.swift; sourceTree = "<group>"; };
		5A2BC6CA2982B20E0041950D /* BasicViewController.swift */ = {isa = PBXFileReference; lastKnownFileType = sourcecode.swift; path = BasicViewController.swift; sourceTree = "<group>"; };
		5A2BC6CD2982BA7C0041950D /* NoteScreenView.swift */ = {isa = PBXFileReference; lastKnownFileType = sourcecode.swift; path = NoteScreenView.swift; sourceTree = "<group>"; };
		5A3E01222986E03A00184021 /* Rubik-Italic.ttf */ = {isa = PBXFileReference; lastKnownFileType = file; path = "Rubik-Italic.ttf"; sourceTree = "<group>"; };
		5A3E01242986E04500184021 /* Rubik-Bold.ttf */ = {isa = PBXFileReference; lastKnownFileType = file; path = "Rubik-Bold.ttf"; sourceTree = "<group>"; };
		5A9FBBAB2987998B004E5010 /* Creatable.swift */ = {isa = PBXFileReference; lastKnownFileType = sourcecode.swift; path = Creatable.swift; sourceTree = "<group>"; };
		5A9FBBAE2987B6B5004E5010 /* Database.xcdatamodel */ = {isa = PBXFileReference; lastKnownFileType = wrapper.xcdatamodel; path = Database.xcdatamodel; sourceTree = "<group>"; };
		5A9FBBB12987B708004E5010 /* DatabaseCoordinatable.swift */ = {isa = PBXFileReference; lastKnownFileType = sourcecode.swift; path = DatabaseCoordinatable.swift; sourceTree = "<group>"; };
		5A9FBBB32987B73C004E5010 /* CoreDataCoordinator.swift */ = {isa = PBXFileReference; lastKnownFileType = sourcecode.swift; path = CoreDataCoordinator.swift; sourceTree = "<group>"; };
		5A9FBBB52987D11B004E5010 /* Storable.swift */ = {isa = PBXFileReference; lastKnownFileType = sourcecode.swift; path = Storable.swift; sourceTree = "<group>"; };
		5AB9D9E02983D64C00DCFAB6 /* NoteModel.swift */ = {isa = PBXFileReference; lastKnownFileType = sourcecode.swift; path = NoteModel.swift; sourceTree = "<group>"; };
		5AB9D9E32983F04100DCFAB6 /* VibravionService.swift */ = {isa = PBXFileReference; lastKnownFileType = sourcecode.swift; path = VibravionService.swift; sourceTree = "<group>"; };
		5AB9D9E5298408A200DCFAB6 /* Selectable.swift */ = {isa = PBXFileReference; lastKnownFileType = sourcecode.swift; path = Selectable.swift; sourceTree = "<group>"; };
		5ABA5DE929812A8300E24E68 /* Notes.app */ = {isa = PBXFileReference; explicitFileType = wrapper.application; includeInIndex = 0; path = Notes.app; sourceTree = BUILT_PRODUCTS_DIR; };
		5ABA5DEC29812A8300E24E68 /* AppDelegate.swift */ = {isa = PBXFileReference; lastKnownFileType = sourcecode.swift; path = AppDelegate.swift; sourceTree = "<group>"; };
		5ABA5DEE29812A8300E24E68 /* SceneDelegate.swift */ = {isa = PBXFileReference; lastKnownFileType = sourcecode.swift; path = SceneDelegate.swift; sourceTree = "<group>"; };
		5ABA5DF029812A8300E24E68 /* MainScreenController.swift */ = {isa = PBXFileReference; lastKnownFileType = sourcecode.swift; path = MainScreenController.swift; sourceTree = "<group>"; };
		5ABA5DF529812A8800E24E68 /* Assets.xcassets */ = {isa = PBXFileReference; lastKnownFileType = folder.assetcatalog; path = Assets.xcassets; sourceTree = "<group>"; };
		5ABA5DF829812A8800E24E68 /* Base */ = {isa = PBXFileReference; lastKnownFileType = file.storyboard; name = Base; path = Base.lproj/LaunchScreen.storyboard; sourceTree = "<group>"; };
		5ABA5DFA29812A8800E24E68 /* Info.plist */ = {isa = PBXFileReference; lastKnownFileType = text.plist.xml; path = Info.plist; sourceTree = "<group>"; };
		5ABA5E0429812DFB00E24E68 /* Palette.swift */ = {isa = PBXFileReference; lastKnownFileType = sourcecode.swift; path = Palette.swift; sourceTree = "<group>"; };
		5ABA5E0729812E4D00E24E68 /* Extentions.swift */ = {isa = PBXFileReference; lastKnownFileType = sourcecode.swift; path = Extentions.swift; sourceTree = "<group>"; };
		5ABA5E0E2981346B00E24E68 /* ModelProtocol.swift */ = {isa = PBXFileReference; lastKnownFileType = sourcecode.swift; path = ModelProtocol.swift; sourceTree = "<group>"; };
		5ABA5E102981348F00E24E68 /* MainScreenModel.swift */ = {isa = PBXFileReference; lastKnownFileType = sourcecode.swift; path = MainScreenModel.swift; sourceTree = "<group>"; };
		5ABA5E122981356800E24E68 /* MainScreenView.swift */ = {isa = PBXFileReference; lastKnownFileType = sourcecode.swift; path = MainScreenView.swift; sourceTree = "<group>"; };
		5ABA5E1529813F6800E24E68 /* Enums.swift */ = {isa = PBXFileReference; lastKnownFileType = sourcecode.swift; path = Enums.swift; sourceTree = "<group>"; };
		5ABA5E172981400700E24E68 /* NoteCollectionViewCell.swift */ = {isa = PBXFileReference; lastKnownFileType = sourcecode.swift; path = NoteCollectionViewCell.swift; sourceTree = "<group>"; };
		5ABA5E1C298176BF00E24E68 /* CellModel.swift */ = {isa = PBXFileReference; lastKnownFileType = sourcecode.swift; path = CellModel.swift; sourceTree = "<group>"; };
		5ABA5E1E29824F5B00E24E68 /* FontKit.swift */ = {isa = PBXFileReference; lastKnownFileType = sourcecode.swift; path = FontKit.swift; sourceTree = "<group>"; };
		5ABA5E2129824FA300E24E68 /* Rubik-Regular.ttf */ = {isa = PBXFileReference; lastKnownFileType = file; path = "Rubik-Regular.ttf"; sourceTree = "<group>"; };
		5ABA5E2229824FA300E24E68 /* Rubik-Medium.ttf */ = {isa = PBXFileReference; lastKnownFileType = file; path = "Rubik-Medium.ttf"; sourceTree = "<group>"; };
		5ABA5E2529825FB200E24E68 /* HeaderCollectionView.swift */ = {isa = PBXFileReference; lastKnownFileType = sourcecode.swift; path = HeaderCollectionView.swift; sourceTree = "<group>"; };
		5ABA5E292982690700E24E68 /* Images.swift */ = {isa = PBXFileReference; lastKnownFileType = sourcecode.swift; path = Images.swift; sourceTree = "<group>"; };
/* End PBXFileReference section */

/* Begin PBXFrameworksBuildPhase section */
		5ABA5DE629812A8300E24E68 /* Frameworks */ = {
			isa = PBXFrameworksBuildPhase;
			buildActionMask = 2147483647;
			files = (
			);
			runOnlyForDeploymentPostprocessing = 0;
		};
/* End PBXFrameworksBuildPhase section */

/* Begin PBXGroup section */
		5A2BC6C52982B12E0041950D /* Controller */ = {
			isa = PBXGroup;
			children = (
				5A2BC6C62982B1670041950D /* NoteScreenController.swift */,
			);
			path = Controller;
			sourceTree = "<group>";
		};
		5A2BC6C82982B1E80041950D /* BasicComponents */ = {
			isa = PBXGroup;
			children = (
				5A2BC6CA2982B20E0041950D /* BasicViewController.swift */,
			);
			path = BasicComponents;
			sourceTree = "<group>";
		};
		5A2BC6CC2982BA5C0041950D /* View */ = {
			isa = PBXGroup;
			children = (
				5A2BC6CD2982BA7C0041950D /* NoteScreenView.swift */,
			);
			path = View;
			sourceTree = "<group>";
		};
		5A9FBBB02987B6FD004E5010 /* Database */ = {
			isa = PBXGroup;
			children = (
				5A9FBBB12987B708004E5010 /* DatabaseCoordinatable.swift */,
				5A9FBBB32987B73C004E5010 /* CoreDataCoordinator.swift */,
				5A9FBBB52987D11B004E5010 /* Storable.swift */,
			);
			path = Database;
			sourceTree = "<group>";
		};
		5AB9D9E22983F02B00DCFAB6 /* VibrationService */ = {
			isa = PBXGroup;
			children = (
				5AB9D9E32983F04100DCFAB6 /* VibravionService.swift */,
			);
			path = VibrationService;
			sourceTree = "<group>";
		};
		5ABA5DE029812A8300E24E68 = {
			isa = PBXGroup;
			children = (
				5ABA5DEB29812A8300E24E68 /* Notes */,
				5ABA5DEA29812A8300E24E68 /* Products */,
			);
			sourceTree = "<group>";
		};
		5ABA5DEA29812A8300E24E68 /* Products */ = {
			isa = PBXGroup;
			children = (
				5ABA5DE929812A8300E24E68 /* Notes.app */,
			);
			name = Products;
			sourceTree = "<group>";
		};
		5ABA5DEB29812A8300E24E68 /* Notes */ = {
			isa = PBXGroup;
			children = (
				5ABA5E0029812D1900E24E68 /* AppDelegate */,
				5ABA5E0129812D2600E24E68 /* PresentationLayer */,
				5ABA5E0329812D4500E24E68 /* CoreLayer */,
				5ABA5E0229812D3300E24E68 /* Resourses */,
			);
			path = Notes;
			sourceTree = "<group>";
		};
		5ABA5E0029812D1900E24E68 /* AppDelegate */ = {
			isa = PBXGroup;
			children = (
				5ABA5DEC29812A8300E24E68 /* AppDelegate.swift */,
				5ABA5DEE29812A8300E24E68 /* SceneDelegate.swift */,
			);
			path = AppDelegate;
			sourceTree = "<group>";
		};
		5ABA5E0129812D2600E24E68 /* PresentationLayer */ = {
			isa = PBXGroup;
			children = (
				5ABA5E1429813F5700E24E68 /* Enums */,
				5ABA5E0D2981345F00E24E68 /* Protocols */,
				5ABA5E092981341500E24E68 /* MainScreenModule */,
				5ABA5E2F2982B03200E24E68 /* NoteScreenModule */,
			);
			path = PresentationLayer;
			sourceTree = "<group>";
		};
		5ABA5E0229812D3300E24E68 /* Resourses */ = {
			isa = PBXGroup;
			children = (
				5ABA5E2029824F8F00E24E68 /* Fonts */,
				5ABA5DF529812A8800E24E68 /* Assets.xcassets */,
				5ABA5DFA29812A8800E24E68 /* Info.plist */,
				5ABA5DF729812A8800E24E68 /* LaunchScreen.storyboard */,
				5ABA5E0429812DFB00E24E68 /* Palette.swift */,
				5ABA5E1E29824F5B00E24E68 /* FontKit.swift */,
				5ABA5E292982690700E24E68 /* Images.swift */,
			);
			path = Resourses;
			sourceTree = "<group>";
		};
		5ABA5E0329812D4500E24E68 /* CoreLayer */ = {
			isa = PBXGroup;
			children = (
				5A9FBBB02987B6FD004E5010 /* Database */,
				5AB9D9E22983F02B00DCFAB6 /* VibrationService */,
				5A2BC6C82982B1E80041950D /* BasicComponents */,
				5ABA5E1B298176B200E24E68 /* Models */,
				5ABA5E0629812E3C00E24E68 /* Extentions */,
			);
			path = CoreLayer;
			sourceTree = "<group>";
		};
		5ABA5E0629812E3C00E24E68 /* Extentions */ = {
			isa = PBXGroup;
			children = (
				5ABA5E0729812E4D00E24E68 /* Extentions.swift */,
			);
			path = Extentions;
			sourceTree = "<group>";
		};
		5ABA5E092981341500E24E68 /* MainScreenModule */ = {
			isa = PBXGroup;
			children = (
				5ABA5E0A2981341F00E24E68 /* Model */,
				5ABA5E0C2981342700E24E68 /* Controller */,
				5ABA5E0B2981342400E24E68 /* View */,
			);
			path = MainScreenModule;
			sourceTree = "<group>";
		};
		5ABA5E0A2981341F00E24E68 /* Model */ = {
			isa = PBXGroup;
			children = (
				5ABA5E102981348F00E24E68 /* MainScreenModel.swift */,
			);
			path = Model;
			sourceTree = "<group>";
		};
		5ABA5E0B2981342400E24E68 /* View */ = {
			isa = PBXGroup;
			children = (
				5ABA5E122981356800E24E68 /* MainScreenView.swift */,
				5ABA5E172981400700E24E68 /* NoteCollectionViewCell.swift */,
				5ABA5E2529825FB200E24E68 /* HeaderCollectionView.swift */,
			);
			path = View;
			sourceTree = "<group>";
		};
		5ABA5E0C2981342700E24E68 /* Controller */ = {
			isa = PBXGroup;
			children = (
				5ABA5DF029812A8300E24E68 /* MainScreenController.swift */,
			);
			path = Controller;
			sourceTree = "<group>";
		};
		5ABA5E0D2981345F00E24E68 /* Protocols */ = {
			isa = PBXGroup;
			children = (
				5ABA5E0E2981346B00E24E68 /* ModelProtocol.swift */,
				5AB9D9E5298408A200DCFAB6 /* Selectable.swift */,
				5A9FBBAB2987998B004E5010 /* Creatable.swift */,
			);
			path = Protocols;
			sourceTree = "<group>";
		};
		5ABA5E1429813F5700E24E68 /* Enums */ = {
			isa = PBXGroup;
			children = (
				5ABA5E1529813F6800E24E68 /* Enums.swift */,
			);
			path = Enums;
			sourceTree = "<group>";
		};
		5ABA5E1B298176B200E24E68 /* Models */ = {
			isa = PBXGroup;
			children = (
				5ABA5E1C298176BF00E24E68 /* CellModel.swift */,
				5AB9D9E02983D64C00DCFAB6 /* NoteModel.swift */,
				5A9FBBAD2987B6B5004E5010 /* Database.xcdatamodeld */,
			);
			path = Models;
			sourceTree = "<group>";
		};
		5ABA5E2029824F8F00E24E68 /* Fonts */ = {
			isa = PBXGroup;
			children = (
				5ABA5E2229824FA300E24E68 /* Rubik-Medium.ttf */,
				5ABA5E2129824FA300E24E68 /* Rubik-Regular.ttf */,
				5A3E01222986E03A00184021 /* Rubik-Italic.ttf */,
				5A3E01242986E04500184021 /* Rubik-Bold.ttf */,
			);
			path = Fonts;
			sourceTree = "<group>";
		};
		5ABA5E2F2982B03200E24E68 /* NoteScreenModule */ = {
			isa = PBXGroup;
			children = (
				5ABA5E302982B04500E24E68 /* Model */,
				5A2BC6C52982B12E0041950D /* Controller */,
				5A2BC6CC2982BA5C0041950D /* View */,
			);
			path = NoteScreenModule;
			sourceTree = "<group>";
		};
		5ABA5E302982B04500E24E68 /* Model */ = {
			isa = PBXGroup;
			children = (
				5A2BC6C32982B09F0041950D /* NoteScreenModel.swift */,
			);
			path = Model;
			sourceTree = "<group>";
		};
/* End PBXGroup section */

/* Begin PBXNativeTarget section */
		5ABA5DE829812A8300E24E68 /* Notes */ = {
			isa = PBXNativeTarget;
			buildConfigurationList = 5ABA5DFD29812A8800E24E68 /* Build configuration list for PBXNativeTarget "Notes" */;
			buildPhases = (
				5ABA5DE529812A8300E24E68 /* Sources */,
				5ABA5DE629812A8300E24E68 /* Frameworks */,
				5ABA5DE729812A8300E24E68 /* Resources */,
			);
			buildRules = (
			);
			dependencies = (
			);
			name = Notes;
			productName = Notes;
			productReference = 5ABA5DE929812A8300E24E68 /* Notes.app */;
			productType = "com.apple.product-type.application";
		};
/* End PBXNativeTarget section */

/* Begin PBXProject section */
		5ABA5DE129812A8300E24E68 /* Project object */ = {
			isa = PBXProject;
			attributes = {
				BuildIndependentTargetsInParallel = 1;
				LastSwiftUpdateCheck = 1340;
				LastUpgradeCheck = 1340;
				TargetAttributes = {
					5ABA5DE829812A8300E24E68 = {
						CreatedOnToolsVersion = 13.4.1;
					};
				};
			};
			buildConfigurationList = 5ABA5DE429812A8300E24E68 /* Build configuration list for PBXProject "Notes" */;
			compatibilityVersion = "Xcode 13.0";
			developmentRegion = en;
			hasScannedForEncodings = 0;
			knownRegions = (
				en,
				Base,
			);
			mainGroup = 5ABA5DE029812A8300E24E68;
			productRefGroup = 5ABA5DEA29812A8300E24E68 /* Products */;
			projectDirPath = "";
			projectRoot = "";
			targets = (
				5ABA5DE829812A8300E24E68 /* Notes */,
			);
		};
/* End PBXProject section */

/* Begin PBXResourcesBuildPhase section */
		5ABA5DE729812A8300E24E68 /* Resources */ = {
			isa = PBXResourcesBuildPhase;
			buildActionMask = 2147483647;
			files = (
				5ABA5DF929812A8800E24E68 /* LaunchScreen.storyboard in Resources */,
				5A3E01252986E04500184021 /* Rubik-Bold.ttf in Resources */,
				5A3E01232986E03A00184021 /* Rubik-Italic.ttf in Resources */,
				5ABA5E2329824FA300E24E68 /* Rubik-Regular.ttf in Resources */,
				5ABA5DF629812A8800E24E68 /* Assets.xcassets in Resources */,
				5ABA5E2429824FA300E24E68 /* Rubik-Medium.ttf in Resources */,
			);
			runOnlyForDeploymentPostprocessing = 0;
		};
/* End PBXResourcesBuildPhase section */

/* Begin PBXSourcesBuildPhase section */
		5ABA5DE529812A8300E24E68 /* Sources */ = {
			isa = PBXSourcesBuildPhase;
			buildActionMask = 2147483647;
			files = (
				5A9FBBB42987B73C004E5010 /* CoreDataCoordinator.swift in Sources */,
				5A2BC6CB2982B20E0041950D /* BasicViewController.swift in Sources */,
				5A9FBBAC2987998B004E5010 /* Creatable.swift in Sources */,
				5A9FBBB22987B708004E5010 /* DatabaseCoordinatable.swift in Sources */,
				5ABA5E1D298176BF00E24E68 /* CellModel.swift in Sources */,
				5ABA5DF129812A8300E24E68 /* MainScreenController.swift in Sources */,
				5ABA5E112981348F00E24E68 /* MainScreenModel.swift in Sources */,
				5ABA5E182981400700E24E68 /* NoteCollectionViewCell.swift in Sources */,
				5ABA5E1F29824F5B00E24E68 /* FontKit.swift in Sources */,
				5AB9D9E6298408A200DCFAB6 /* Selectable.swift in Sources */,
				5ABA5E2629825FB200E24E68 /* HeaderCollectionView.swift in Sources */,
				5A9FBBB62987D11B004E5010 /* Storable.swift in Sources */,
				5ABA5E0F2981346B00E24E68 /* ModelProtocol.swift in Sources */,
				5ABA5E2A2982690700E24E68 /* Images.swift in Sources */,
				5AB9D9E12983D64C00DCFAB6 /* NoteModel.swift in Sources */,
				5A9FBBAF2987B6B5004E5010 /* Database.xcdatamodeld in Sources */,
				5ABA5E0529812DFB00E24E68 /* Palette.swift in Sources */,
				5ABA5E0829812E4D00E24E68 /* Extentions.swift in Sources */,
				5ABA5DED29812A8300E24E68 /* AppDelegate.swift in Sources */,
				5A2BC6C42982B09F0041950D /* NoteScreenModel.swift in Sources */,
				5ABA5DEF29812A8300E24E68 /* SceneDelegate.swift in Sources */,
				5A2BC6CE2982BA7C0041950D /* NoteScreenView.swift in Sources */,
				5ABA5E1629813F6800E24E68 /* Enums.swift in Sources */,
				5ABA5E132981356800E24E68 /* MainScreenView.swift in Sources */,
				5AB9D9E42983F04100DCFAB6 /* VibravionService.swift in Sources */,
				5A2BC6C72982B1670041950D /* NoteScreenController.swift in Sources */,
			);
			runOnlyForDeploymentPostprocessing = 0;
		};
/* End PBXSourcesBuildPhase section */

/* Begin PBXVariantGroup section */
		5ABA5DF729812A8800E24E68 /* LaunchScreen.storyboard */ = {
			isa = PBXVariantGroup;
			children = (
				5ABA5DF829812A8800E24E68 /* Base */,
			);
			name = LaunchScreen.storyboard;
			sourceTree = "<group>";
		};
/* End PBXVariantGroup section */

/* Begin XCBuildConfiguration section */
		5ABA5DFB29812A8800E24E68 /* Debug */ = {
			isa = XCBuildConfiguration;
			buildSettings = {
				ALWAYS_SEARCH_USER_PATHS = NO;
				CLANG_ANALYZER_NONNULL = YES;
				CLANG_ANALYZER_NUMBER_OBJECT_CONVERSION = YES_AGGRESSIVE;
				CLANG_CXX_LANGUAGE_STANDARD = "gnu++17";
				CLANG_ENABLE_MODULES = YES;
				CLANG_ENABLE_OBJC_ARC = YES;
				CLANG_ENABLE_OBJC_WEAK = YES;
				CLANG_WARN_BLOCK_CAPTURE_AUTORELEASING = YES;
				CLANG_WARN_BOOL_CONVERSION = YES;
				CLANG_WARN_COMMA = YES;
				CLANG_WARN_CONSTANT_CONVERSION = YES;
				CLANG_WARN_DEPRECATED_OBJC_IMPLEMENTATIONS = YES;
				CLANG_WARN_DIRECT_OBJC_ISA_USAGE = YES_ERROR;
				CLANG_WARN_DOCUMENTATION_COMMENTS = YES;
				CLANG_WARN_EMPTY_BODY = YES;
				CLANG_WARN_ENUM_CONVERSION = YES;
				CLANG_WARN_INFINITE_RECURSION = YES;
				CLANG_WARN_INT_CONVERSION = YES;
				CLANG_WARN_NON_LITERAL_NULL_CONVERSION = YES;
				CLANG_WARN_OBJC_IMPLICIT_RETAIN_SELF = YES;
				CLANG_WARN_OBJC_LITERAL_CONVERSION = YES;
				CLANG_WARN_OBJC_ROOT_CLASS = YES_ERROR;
				CLANG_WARN_QUOTED_INCLUDE_IN_FRAMEWORK_HEADER = YES;
				CLANG_WARN_RANGE_LOOP_ANALYSIS = YES;
				CLANG_WARN_STRICT_PROTOTYPES = YES;
				CLANG_WARN_SUSPICIOUS_MOVE = YES;
				CLANG_WARN_UNGUARDED_AVAILABILITY = YES_AGGRESSIVE;
				CLANG_WARN_UNREACHABLE_CODE = YES;
				CLANG_WARN__DUPLICATE_METHOD_MATCH = YES;
				COPY_PHASE_STRIP = NO;
				DEBUG_INFORMATION_FORMAT = dwarf;
				ENABLE_STRICT_OBJC_MSGSEND = YES;
				ENABLE_TESTABILITY = YES;
				GCC_C_LANGUAGE_STANDARD = gnu11;
				GCC_DYNAMIC_NO_PIC = NO;
				GCC_NO_COMMON_BLOCKS = YES;
				GCC_OPTIMIZATION_LEVEL = 0;
				GCC_PREPROCESSOR_DEFINITIONS = (
					"DEBUG=1",
					"$(inherited)",
				);
				GCC_WARN_64_TO_32_BIT_CONVERSION = YES;
				GCC_WARN_ABOUT_RETURN_TYPE = YES_ERROR;
				GCC_WARN_UNDECLARED_SELECTOR = YES;
				GCC_WARN_UNINITIALIZED_AUTOS = YES_AGGRESSIVE;
				GCC_WARN_UNUSED_FUNCTION = YES;
				GCC_WARN_UNUSED_VARIABLE = YES;
				IPHONEOS_DEPLOYMENT_TARGET = 15.1;
				MTL_ENABLE_DEBUG_INFO = INCLUDE_SOURCE;
				MTL_FAST_MATH = YES;
				ONLY_ACTIVE_ARCH = YES;
				SDKROOT = iphoneos;
				SWIFT_ACTIVE_COMPILATION_CONDITIONS = DEBUG;
				SWIFT_OPTIMIZATION_LEVEL = "-Onone";
			};
			name = Debug;
		};
		5ABA5DFC29812A8800E24E68 /* Release */ = {
			isa = XCBuildConfiguration;
			buildSettings = {
				ALWAYS_SEARCH_USER_PATHS = NO;
				CLANG_ANALYZER_NONNULL = YES;
				CLANG_ANALYZER_NUMBER_OBJECT_CONVERSION = YES_AGGRESSIVE;
				CLANG_CXX_LANGUAGE_STANDARD = "gnu++17";
				CLANG_ENABLE_MODULES = YES;
				CLANG_ENABLE_OBJC_ARC = YES;
				CLANG_ENABLE_OBJC_WEAK = YES;
				CLANG_WARN_BLOCK_CAPTURE_AUTORELEASING = YES;
				CLANG_WARN_BOOL_CONVERSION = YES;
				CLANG_WARN_COMMA = YES;
				CLANG_WARN_CONSTANT_CONVERSION = YES;
				CLANG_WARN_DEPRECATED_OBJC_IMPLEMENTATIONS = YES;
				CLANG_WARN_DIRECT_OBJC_ISA_USAGE = YES_ERROR;
				CLANG_WARN_DOCUMENTATION_COMMENTS = YES;
				CLANG_WARN_EMPTY_BODY = YES;
				CLANG_WARN_ENUM_CONVERSION = YES;
				CLANG_WARN_INFINITE_RECURSION = YES;
				CLANG_WARN_INT_CONVERSION = YES;
				CLANG_WARN_NON_LITERAL_NULL_CONVERSION = YES;
				CLANG_WARN_OBJC_IMPLICIT_RETAIN_SELF = YES;
				CLANG_WARN_OBJC_LITERAL_CONVERSION = YES;
				CLANG_WARN_OBJC_ROOT_CLASS = YES_ERROR;
				CLANG_WARN_QUOTED_INCLUDE_IN_FRAMEWORK_HEADER = YES;
				CLANG_WARN_RANGE_LOOP_ANALYSIS = YES;
				CLANG_WARN_STRICT_PROTOTYPES = YES;
				CLANG_WARN_SUSPICIOUS_MOVE = YES;
				CLANG_WARN_UNGUARDED_AVAILABILITY = YES_AGGRESSIVE;
				CLANG_WARN_UNREACHABLE_CODE = YES;
				CLANG_WARN__DUPLICATE_METHOD_MATCH = YES;
				COPY_PHASE_STRIP = NO;
				DEBUG_INFORMATION_FORMAT = "dwarf-with-dsym";
				ENABLE_NS_ASSERTIONS = NO;
				ENABLE_STRICT_OBJC_MSGSEND = YES;
				GCC_C_LANGUAGE_STANDARD = gnu11;
				GCC_NO_COMMON_BLOCKS = YES;
				GCC_WARN_64_TO_32_BIT_CONVERSION = YES;
				GCC_WARN_ABOUT_RETURN_TYPE = YES_ERROR;
				GCC_WARN_UNDECLARED_SELECTOR = YES;
				GCC_WARN_UNINITIALIZED_AUTOS = YES_AGGRESSIVE;
				GCC_WARN_UNUSED_FUNCTION = YES;
				GCC_WARN_UNUSED_VARIABLE = YES;
				IPHONEOS_DEPLOYMENT_TARGET = 15.1;
				MTL_ENABLE_DEBUG_INFO = NO;
				MTL_FAST_MATH = YES;
				SDKROOT = iphoneos;
				SWIFT_COMPILATION_MODE = wholemodule;
				SWIFT_OPTIMIZATION_LEVEL = "-O";
				VALIDATE_PRODUCT = YES;
			};
			name = Release;
		};
		5ABA5DFE29812A8800E24E68 /* Debug */ = {
			isa = XCBuildConfiguration;
			buildSettings = {
				ASSETCATALOG_COMPILER_APPICON_NAME = AppIcon;
				ASSETCATALOG_COMPILER_GLOBAL_ACCENT_COLOR_NAME = AccentColor;
				CODE_SIGN_STYLE = Automatic;
				CURRENT_PROJECT_VERSION = 1;
				DEVELOPMENT_TEAM = WKZY6R2Q32;
				GENERATE_INFOPLIST_FILE = YES;
				INFOPLIST_FILE = Notes/Resourses/Info.plist;
				INFOPLIST_KEY_UIApplicationSupportsIndirectInputEvents = YES;
				INFOPLIST_KEY_UILaunchStoryboardName = LaunchScreen;
				INFOPLIST_KEY_UISupportedInterfaceOrientations_iPad = "UIInterfaceOrientationPortrait UIInterfaceOrientationPortraitUpsideDown UIInterfaceOrientationLandscapeLeft UIInterfaceOrientationLandscapeRight";
				INFOPLIST_KEY_UISupportedInterfaceOrientations_iPhone = "UIInterfaceOrientationPortrait UIInterfaceOrientationLandscapeLeft UIInterfaceOrientationLandscapeRight";
				LD_RUNPATH_SEARCH_PATHS = (
					"$(inherited)",
					"@executable_path/Frameworks",
				);
				MARKETING_VERSION = 1.0;
				PRODUCT_BUNDLE_IDENTIFIER = nikonorov.Notes;
				PRODUCT_NAME = "$(TARGET_NAME)";
				SWIFT_EMIT_LOC_STRINGS = YES;
				SWIFT_VERSION = 5.0;
				TARGETED_DEVICE_FAMILY = "1,2";
			};
			name = Debug;
		};
		5ABA5DFF29812A8800E24E68 /* Release */ = {
			isa = XCBuildConfiguration;
			buildSettings = {
				ASSETCATALOG_COMPILER_APPICON_NAME = AppIcon;
				ASSETCATALOG_COMPILER_GLOBAL_ACCENT_COLOR_NAME = AccentColor;
				CODE_SIGN_STYLE = Automatic;
				CURRENT_PROJECT_VERSION = 1;
				DEVELOPMENT_TEAM = WKZY6R2Q32;
				GENERATE_INFOPLIST_FILE = YES;
				INFOPLIST_FILE = Notes/Resourses/Info.plist;
				INFOPLIST_KEY_UIApplicationSupportsIndirectInputEvents = YES;
				INFOPLIST_KEY_UILaunchStoryboardName = LaunchScreen;
				INFOPLIST_KEY_UISupportedInterfaceOrientations_iPad = "UIInterfaceOrientationPortrait UIInterfaceOrientationPortraitUpsideDown UIInterfaceOrientationLandscapeLeft UIInterfaceOrientationLandscapeRight";
				INFOPLIST_KEY_UISupportedInterfaceOrientations_iPhone = "UIInterfaceOrientationPortrait UIInterfaceOrientationLandscapeLeft UIInterfaceOrientationLandscapeRight";
				LD_RUNPATH_SEARCH_PATHS = (
					"$(inherited)",
					"@executable_path/Frameworks",
				);
				MARKETING_VERSION = 1.0;
				PRODUCT_BUNDLE_IDENTIFIER = nikonorov.Notes;
				PRODUCT_NAME = "$(TARGET_NAME)";
				SWIFT_EMIT_LOC_STRINGS = YES;
				SWIFT_VERSION = 5.0;
				TARGETED_DEVICE_FAMILY = "1,2";
			};
			name = Release;
		};
/* End XCBuildConfiguration section */

/* Begin XCConfigurationList section */
		5ABA5DE429812A8300E24E68 /* Build configuration list for PBXProject "Notes" */ = {
			isa = XCConfigurationList;
			buildConfigurations = (
				5ABA5DFB29812A8800E24E68 /* Debug */,
				5ABA5DFC29812A8800E24E68 /* Release */,
			);
			defaultConfigurationIsVisible = 0;
			defaultConfigurationName = Release;
		};
		5ABA5DFD29812A8800E24E68 /* Build configuration list for PBXNativeTarget "Notes" */ = {
			isa = XCConfigurationList;
			buildConfigurations = (
				5ABA5DFE29812A8800E24E68 /* Debug */,
				5ABA5DFF29812A8800E24E68 /* Release */,
			);
			defaultConfigurationIsVisible = 0;
			defaultConfigurationName = Release;
		};
/* End XCConfigurationList section */

/* Begin XCVersionGroup section */
		5A9FBBAD2987B6B5004E5010 /* Database.xcdatamodeld */ = {
			isa = XCVersionGroup;
			children = (
				5A9FBBAE2987B6B5004E5010 /* Database.xcdatamodel */,
			);
			currentVersion = 5A9FBBAE2987B6B5004E5010 /* Database.xcdatamodel */;
			path = Database.xcdatamodeld;
			sourceTree = "<group>";
			versionGroupType = wrapper.xcdatamodel;
		};
/* End XCVersionGroup section */
	};
	rootObject = 5ABA5DE129812A8300E24E68 /* Project object */;
}
